
Microsoft Visual Studio Solution File, Format Version 12.00
# Visual Studio Version 16
VisualStudioVersion = 16.0.31515.178
MinimumVisualStudioVersion = 10.0.40219.1
Project("{FAE04EC0-301F-11D3-BF4B-00C04F79EFBC}") = "DIYPizza", "DIYPizza\DIYPizza.csproj", "{A6DB5269-EA64-4F02-A113-084EA028770C}"
EndProject
Global
	GlobalSection(SolutionConfigurationPlatforms) = preSolution
		Debug|Any CPU = Debug|Any CPU
		Release|Any CPU = Release|Any CPU
	EndGlobalSection
	GlobalSection(ProjectConfigurationPlatforms) = postSolution
		{A6DB5269-EA64-4F02-A113-084EA028770C}.Debug|Any CPU.ActiveCfg = Debug|Any CPU
		{A6DB5269-EA64-4F02-A113-084EA028770C}.Debug|Any CPU.Build.0 = Debug|Any CPU
		{A6DB5269-EA64-4F02-A113-084EA028770C}.Release|Any CPU.ActiveCfg = Release|Any CPU
		{A6DB5269-EA64-4F02-A113-084EA028770C}.Release|Any CPU.Build.0 = Release|Any CPU
	EndGlobalSection
	GlobalSection(SolutionProperties) = preSolution
		HideSolutionNode = FALSE
	EndGlobalSection
	GlobalSection(ExtensibilityGlobals) = postSolution
		SolutionGuid = {EC2668E5-1746-4EAF-92B4-4A7A0E59E197}
	EndGlobalSection
EndGlobal
